
Microsoft Visual Studio Solution File, Format Version 12.00
# Visual Studio Version 17
VisualStudioVersion = 17.6.33723.286
MinimumVisualStudioVersion = 10.0.40219.1
Project("{FAE04EC0-301F-11D3-BF4B-00C04F79EFBC}") = "RegistrationDesign", "RegistrationDesign\RegistrationDesign.csproj", "{82CFF689-14E7-4067-9F52-D40D8769F01D}"
EndProject
Global
	GlobalSection(SolutionConfigurationPlatforms) = preSolution
		Debug|Any CPU = Debug|Any CPU
		Release|Any CPU = Release|Any CPU
	EndGlobalSection
	GlobalSection(ProjectConfigurationPlatforms) = postSolution
		{82CFF689-14E7-4067-9F52-D40D8769F01D}.Debug|Any CPU.ActiveCfg = Debug|Any CPU
		{82CFF689-14E7-4067-9F52-D40D8769F01D}.Debug|Any CPU.Build.0 = Debug|Any CPU
		{82CFF689-14E7-4067-9F52-D40D8769F01D}.Release|Any CPU.ActiveCfg = Release|Any CPU
		{82CFF689-14E7-4067-9F52-D40D8769F01D}.Release|Any CPU.Build.0 = Release|Any CPU
	EndGlobalSection
	GlobalSection(SolutionProperties) = preSolution
		HideSolutionNode = FALSE
	EndGlobalSection
	GlobalSection(ExtensibilityGlobals) = postSolution
		SolutionGuid = {0F1A3B97-D139-4343-8F81-6D804BF8BD87}
	EndGlobalSection
EndGlobal
